
Microsoft Visual Studio Solution File, Format Version 12.00
# Visual Studio 15
VisualStudioVersion = 15.0.27130.2027
MinimumVisualStudioVersion = 10.0.40219.1
Project("{9A19103F-16F7-4668-BE54-9A1E7A4F7556}") = "DryRunTempBackend.API", "DryRunTempBackend.API\DryRunTempBackend.API.csproj", "{0236DF46-884A-4ADD-8A8E-B5DAEE7E002B}"
EndProject
Project("{9A19103F-16F7-4668-BE54-9A1E7A4F7556}") = "DryRunTempBackend.Test", "DryRunTempBackend.Test\DryRunTempBackend.Test.csproj", "{5451FB0C-D524-49B3-ADD2-02F7A7A2D52F}"
EndProject
Project("{9A19103F-16F7-4668-BE54-9A1E7A4F7556}") = "DryRunTempBackend.BigChainDbProvider", "DryRunTempBackend.BigChainDbProvider\DryRunTempBackend.BigChainDbProvider.csproj", "{ECB97651-3C77-4743-9AA4-5BA8F6116A84}"
EndProject
Global
	GlobalSection(SolutionConfigurationPlatforms) = preSolution
		Debug|Any CPU = Debug|Any CPU
		Release|Any CPU = Release|Any CPU
	EndGlobalSection
	GlobalSection(ProjectConfigurationPlatforms) = postSolution
		{0236DF46-884A-4ADD-8A8E-B5DAEE7E002B}.Debug|Any CPU.ActiveCfg = Debug|Any CPU
		{0236DF46-884A-4ADD-8A8E-B5DAEE7E002B}.Debug|Any CPU.Build.0 = Debug|Any CPU
		{0236DF46-884A-4ADD-8A8E-B5DAEE7E002B}.Release|Any CPU.ActiveCfg = Release|Any CPU
		{0236DF46-884A-4ADD-8A8E-B5DAEE7E002B}.Release|Any CPU.Build.0 = Release|Any CPU
		{5451FB0C-D524-49B3-ADD2-02F7A7A2D52F}.Debug|Any CPU.ActiveCfg = Debug|Any CPU
		{5451FB0C-D524-49B3-ADD2-02F7A7A2D52F}.Debug|Any CPU.Build.0 = Debug|Any CPU
		{5451FB0C-D524-49B3-ADD2-02F7A7A2D52F}.Release|Any CPU.ActiveCfg = Release|Any CPU
		{5451FB0C-D524-49B3-ADD2-02F7A7A2D52F}.Release|Any CPU.Build.0 = Release|Any CPU
		{ECB97651-3C77-4743-9AA4-5BA8F6116A84}.Debug|Any CPU.ActiveCfg = Debug|Any CPU
		{ECB97651-3C77-4743-9AA4-5BA8F6116A84}.Debug|Any CPU.Build.0 = Debug|Any CPU
		{ECB97651-3C77-4743-9AA4-5BA8F6116A84}.Release|Any CPU.ActiveCfg = Release|Any CPU
		{ECB97651-3C77-4743-9AA4-5BA8F6116A84}.Release|Any CPU.Build.0 = Release|Any CPU
	EndGlobalSection
	GlobalSection(SolutionProperties) = preSolution
		HideSolutionNode = FALSE
	EndGlobalSection
	GlobalSection(ExtensibilityGlobals) = postSolution
		SolutionGuid = {49A829D1-D9D2-4E0C-A415-ACBBA2FF397B}
	EndGlobalSection
EndGlobal
